
Microsoft Visual Studio Solution File, Format Version 12.00
# Visual Studio Version 17
VisualStudioVersion = 17.14.36121.58 d17.14
MinimumVisualStudioVersion = 10.0.40219.1
Project("{FAE04EC0-301F-11D3-BF4B-00C04F79EFBC}") = "PaymentTrackingSystem.Web", "PaymentTrackingSystem.Web\PaymentTrackingSystem.Web.csproj", "{0AD2BDB4-25CF-4A0A-9250-F41B6D5D4984}"
EndProject
Project("{FAE04EC0-301F-11D3-BF4B-00C04F79EFBC}") = "PaymentTrackingSystem.Web.Client", "PaymentTrackingSystem.Web.Client\PaymentTrackingSystem.Web.Client.csproj", "{F812C63D-4A5C-4CD7-A80A-59F76E0A1904}"
EndProject
Global
	GlobalSection(SolutionConfigurationPlatforms) = preSolution
		Debug|Any CPU = Debug|Any CPU
		Release|Any CPU = Release|Any CPU
	EndGlobalSection
	GlobalSection(ProjectConfigurationPlatforms) = postSolution
		{0AD2BDB4-25CF-4A0A-9250-F41B6D5D4984}.Debug|Any CPU.ActiveCfg = Debug|Any CPU
		{0AD2BDB4-25CF-4A0A-9250-F41B6D5D4984}.Debug|Any CPU.Build.0 = Debug|Any CPU
		{0AD2BDB4-25CF-4A0A-9250-F41B6D5D4984}.Release|Any CPU.ActiveCfg = Release|Any CPU
		{0AD2BDB4-25CF-4A0A-9250-F41B6D5D4984}.Release|Any CPU.Build.0 = Release|Any CPU
		{F812C63D-4A5C-4CD7-A80A-59F76E0A1904}.Debug|Any CPU.ActiveCfg = Debug|Any CPU
		{F812C63D-4A5C-4CD7-A80A-59F76E0A1904}.Debug|Any CPU.Build.0 = Debug|Any CPU
		{F812C63D-4A5C-4CD7-A80A-59F76E0A1904}.Release|Any CPU.ActiveCfg = Release|Any CPU
		{F812C63D-4A5C-4CD7-A80A-59F76E0A1904}.Release|Any CPU.Build.0 = Release|Any CPU
	EndGlobalSection
	GlobalSection(SolutionProperties) = preSolution
		HideSolutionNode = FALSE
	EndGlobalSection
	GlobalSection(ExtensibilityGlobals) = postSolution
		SolutionGuid = {BEA60A44-DA84-4767-9013-14593CF4BAA1}
	EndGlobalSection
EndGlobal
