
Microsoft Visual Studio Solution File, Format Version 12.00
# Visual Studio Version 17
VisualStudioVersion = 17.14.36121.58
MinimumVisualStudioVersion = 10.0.40219.1
Project("{FAE04EC0-301F-11D3-BF4B-00C04F79EFBC}") = "PaymentTrackingSystem.Web", "PaymentTrackingSystem.Web\PaymentTrackingSystem.Web.csproj", "{0AD2BDB4-25CF-4A0A-9250-F41B6D5D4984}"
EndProject
Project("{FAE04EC0-301F-11D3-BF4B-00C04F79EFBC}") = "PaymentTrackingSystem.Web.Client", "PaymentTrackingSystem.Web.Client\PaymentTrackingSystem.Web.Client.csproj", "{F812C63D-4A5C-4CD7-A80A-59F76E0A1904}"
EndProject
Project("{FAE04EC0-301F-11D3-BF4B-00C04F79EFBC}") = "PaymentTrackingSystem.Core", "PaymentTrackingSystem.Core\PaymentTrackingSystem.Core.csproj", "{1AC724B3-3C47-4719-A877-EFBEF5510737}"
EndProject
Project("{FAE04EC0-301F-11D3-BF4B-00C04F79EFBC}") = "PaymentTrackingSystem.Common", "..\PaymentTrackingSystem.Common\PaymentTrackingSystem.Common.csproj", "{27956EE6-FFAE-42E7-9E86-7BCE593B90E6}"
EndProject
Project("{FAE04EC0-301F-11D3-BF4B-00C04F79EFBC}") = "PaymentTrackingSystem.Client.Infrastructure", "..\PaymentTrackingSystem.Client.Infrastructure\PaymentTrackingSystem.Client.Infrastructure.csproj", "{217ECB0F-9B83-4E13-806E-0B3FDCA9D882}"
EndProject
Project("{FAE04EC0-301F-11D3-BF4B-00C04F79EFBC}") = "PaymentTrackingSystem.Web.Infrastructure", "..\PaymentTrackingSystem.Web.Infrastructure\PaymentTrackingSystem.Web.Infrastructure.csproj", "{85384B76-AF7C-4FD3-AB83-C87372C93413}"
EndProject
Project("{FAE04EC0-301F-11D3-BF4B-00C04F79EFBC}") = "PaymentTrackingSystem.Shared", "..\PaymentTrackingSystem.Shared\PaymentTrackingSystem.Shared.csproj", "{C5424D24-2DC4-4E49-87C1-A9A75123EDD7}"
EndProject
Project("{2150E333-8FDC-42A3-9474-1A3956D46DE8}") = "1-Api", "1-Api", "{02EA681E-C7D8-13C7-8484-4AC65E1B71E8}"
EndProject
Project("{2150E333-8FDC-42A3-9474-1A3956D46DE8}") = "2-UI", "2-UI", "{FE7E5D3E-5152-48C6-ACE1-9D5E11743535}"
EndProject
Project("{2150E333-8FDC-42A3-9474-1A3956D46DE8}") = "3-Shared", "3-Shared", "{4236BFEA-03DB-4D12-BB3D-81B251614BBC}"
EndProject
Project("{2150E333-8FDC-42A3-9474-1A3956D46DE8}") = "4-Common", "4-Common", "{EA5C2607-7EAE-47AA-A1C5-F5E5FE0D7319}"
EndProject
Project("{2150E333-8FDC-42A3-9474-1A3956D46DE8}") = "5-Client-Infrastructure", "5-Client-Infrastructure", "{DCF52086-C6FF-4B16-84D5-688B72050B45}"
EndProject
Project("{2150E333-8FDC-42A3-9474-1A3956D46DE8}") = "6-Server-", "6-Server-", "{B453CA61-0A43-4391-8197-847EE98EA2FE}"
EndProject
Project("{2150E333-8FDC-42A3-9474-1A3956D46DE8}") = "7-Core", "7-Core", "{896F67AA-6754-45D5-990F-26E17525A12A}"
EndProject
Global
	GlobalSection(SolutionConfigurationPlatforms) = preSolution
		Debug|Any CPU = Debug|Any CPU
		Release|Any CPU = Release|Any CPU
	EndGlobalSection
	GlobalSection(ProjectConfigurationPlatforms) = postSolution
		{0AD2BDB4-25CF-4A0A-9250-F41B6D5D4984}.Debug|Any CPU.ActiveCfg = Debug|Any CPU
		{0AD2BDB4-25CF-4A0A-9250-F41B6D5D4984}.Debug|Any CPU.Build.0 = Debug|Any CPU
		{0AD2BDB4-25CF-4A0A-9250-F41B6D5D4984}.Release|Any CPU.ActiveCfg = Release|Any CPU
		{0AD2BDB4-25CF-4A0A-9250-F41B6D5D4984}.Release|Any CPU.Build.0 = Release|Any CPU
		{F812C63D-4A5C-4CD7-A80A-59F76E0A1904}.Debug|Any CPU.ActiveCfg = Debug|Any CPU
		{F812C63D-4A5C-4CD7-A80A-59F76E0A1904}.Debug|Any CPU.Build.0 = Debug|Any CPU
		{F812C63D-4A5C-4CD7-A80A-59F76E0A1904}.Release|Any CPU.ActiveCfg = Release|Any CPU
		{F812C63D-4A5C-4CD7-A80A-59F76E0A1904}.Release|Any CPU.Build.0 = Release|Any CPU
		{1AC724B3-3C47-4719-A877-EFBEF5510737}.Debug|Any CPU.ActiveCfg = Debug|Any CPU
		{1AC724B3-3C47-4719-A877-EFBEF5510737}.Debug|Any CPU.Build.0 = Debug|Any CPU
		{1AC724B3-3C47-4719-A877-EFBEF5510737}.Release|Any CPU.ActiveCfg = Release|Any CPU
		{1AC724B3-3C47-4719-A877-EFBEF5510737}.Release|Any CPU.Build.0 = Release|Any CPU
		{27956EE6-FFAE-42E7-9E86-7BCE593B90E6}.Debug|Any CPU.ActiveCfg = Debug|Any CPU
		{27956EE6-FFAE-42E7-9E86-7BCE593B90E6}.Debug|Any CPU.Build.0 = Debug|Any CPU
		{27956EE6-FFAE-42E7-9E86-7BCE593B90E6}.Release|Any CPU.ActiveCfg = Release|Any CPU
		{27956EE6-FFAE-42E7-9E86-7BCE593B90E6}.Release|Any CPU.Build.0 = Release|Any CPU
		{217ECB0F-9B83-4E13-806E-0B3FDCA9D882}.Debug|Any CPU.ActiveCfg = Debug|Any CPU
		{217ECB0F-9B83-4E13-806E-0B3FDCA9D882}.Debug|Any CPU.Build.0 = Debug|Any CPU
		{217ECB0F-9B83-4E13-806E-0B3FDCA9D882}.Release|Any CPU.ActiveCfg = Release|Any CPU
		{217ECB0F-9B83-4E13-806E-0B3FDCA9D882}.Release|Any CPU.Build.0 = Release|Any CPU
		{85384B76-AF7C-4FD3-AB83-C87372C93413}.Debug|Any CPU.ActiveCfg = Debug|Any CPU
		{85384B76-AF7C-4FD3-AB83-C87372C93413}.Debug|Any CPU.Build.0 = Debug|Any CPU
		{85384B76-AF7C-4FD3-AB83-C87372C93413}.Release|Any CPU.ActiveCfg = Release|Any CPU
		{85384B76-AF7C-4FD3-AB83-C87372C93413}.Release|Any CPU.Build.0 = Release|Any CPU
		{C5424D24-2DC4-4E49-87C1-A9A75123EDD7}.Debug|Any CPU.ActiveCfg = Debug|Any CPU
		{C5424D24-2DC4-4E49-87C1-A9A75123EDD7}.Debug|Any CPU.Build.0 = Debug|Any CPU
		{C5424D24-2DC4-4E49-87C1-A9A75123EDD7}.Release|Any CPU.ActiveCfg = Release|Any CPU
		{C5424D24-2DC4-4E49-87C1-A9A75123EDD7}.Release|Any CPU.Build.0 = Release|Any CPU
	EndGlobalSection
	GlobalSection(SolutionProperties) = preSolution
		HideSolutionNode = FALSE
	EndGlobalSection
	GlobalSection(NestedProjects) = preSolution
		{0AD2BDB4-25CF-4A0A-9250-F41B6D5D4984} = {02EA681E-C7D8-13C7-8484-4AC65E1B71E8}
		{F812C63D-4A5C-4CD7-A80A-59F76E0A1904} = {FE7E5D3E-5152-48C6-ACE1-9D5E11743535}
		{1AC724B3-3C47-4719-A877-EFBEF5510737} = {896F67AA-6754-45D5-990F-26E17525A12A}
		{27956EE6-FFAE-42E7-9E86-7BCE593B90E6} = {EA5C2607-7EAE-47AA-A1C5-F5E5FE0D7319}
		{217ECB0F-9B83-4E13-806E-0B3FDCA9D882} = {DCF52086-C6FF-4B16-84D5-688B72050B45}
		{85384B76-AF7C-4FD3-AB83-C87372C93413} = {B453CA61-0A43-4391-8197-847EE98EA2FE}
		{C5424D24-2DC4-4E49-87C1-A9A75123EDD7} = {4236BFEA-03DB-4D12-BB3D-81B251614BBC}
	EndGlobalSection
	GlobalSection(ExtensibilityGlobals) = postSolution
		SolutionGuid = {BEA60A44-DA84-4767-9013-14593CF4BAA1}
	EndGlobalSection
EndGlobal
